
Microsoft Visual Studio Solution File, Format Version 12.00
# Visual Studio Version 16
VisualStudioVersion = 16.0.30621.155
MinimumVisualStudioVersion = 10.0.40219.1
Project("{FAE04EC0-301F-11D3-BF4B-00C04F79EFBC}") = "JaggedArrays.Tutorial", "JaggedArrays.Tutorial\JaggedArrays.Tutorial.csproj", "{E0D703F2-3A23-420A-9307-C48E46F9A684}"
EndProject
Project("{FAE04EC0-301F-11D3-BF4B-00C04F79EFBC}") = "JaggedArrays.Exercice", "JaggedArrays.Exercice\JaggedArrays.Exercice.csproj", "{EDB14AF4-BC03-48EC-A0AB-9CF49142F9AD}"
EndProject
Global
	GlobalSection(SolutionConfigurationPlatforms) = preSolution
		Debug|Any CPU = Debug|Any CPU
		Release|Any CPU = Release|Any CPU
	EndGlobalSection
	GlobalSection(ProjectConfigurationPlatforms) = postSolution
		{E0D703F2-3A23-420A-9307-C48E46F9A684}.Debug|Any CPU.ActiveCfg = Debug|Any CPU
		{E0D703F2-3A23-420A-9307-C48E46F9A684}.Debug|Any CPU.Build.0 = Debug|Any CPU
		{E0D703F2-3A23-420A-9307-C48E46F9A684}.Release|Any CPU.ActiveCfg = Release|Any CPU
		{E0D703F2-3A23-420A-9307-C48E46F9A684}.Release|Any CPU.Build.0 = Release|Any CPU
		{EDB14AF4-BC03-48EC-A0AB-9CF49142F9AD}.Debug|Any CPU.ActiveCfg = Debug|Any CPU
		{EDB14AF4-BC03-48EC-A0AB-9CF49142F9AD}.Debug|Any CPU.Build.0 = Debug|Any CPU
		{EDB14AF4-BC03-48EC-A0AB-9CF49142F9AD}.Release|Any CPU.ActiveCfg = Release|Any CPU
		{EDB14AF4-BC03-48EC-A0AB-9CF49142F9AD}.Release|Any CPU.Build.0 = Release|Any CPU
	EndGlobalSection
	GlobalSection(SolutionProperties) = preSolution
		HideSolutionNode = FALSE
	EndGlobalSection
	GlobalSection(ExtensibilityGlobals) = postSolution
		SolutionGuid = {37DD2A70-893B-4696-8C63-066240910BDA}
	EndGlobalSection
EndGlobal
